
Microsoft Visual Studio Solution File, Format Version 12.00
# Visual Studio Version 17
VisualStudioVersion = 17.4.33122.133
MinimumVisualStudioVersion = 10.0.40219.1
Project("{FAE04EC0-301F-11D3-BF4B-00C04F79EFBC}") = "TestApp", "TestApp\TestApp.csproj", "{4F95435C-702D-4A85-8F8B-C04C02A6F457}"
EndProject
Global
	GlobalSection(SolutionConfigurationPlatforms) = preSolution
		Debug|Any CPU = Debug|Any CPU
		Release|Any CPU = Release|Any CPU
	EndGlobalSection
	GlobalSection(ProjectConfigurationPlatforms) = postSolution
		{4F95435C-702D-4A85-8F8B-C04C02A6F457}.Debug|Any CPU.ActiveCfg = Debug|Any CPU
		{4F95435C-702D-4A85-8F8B-C04C02A6F457}.Debug|Any CPU.Build.0 = Debug|Any CPU
		{4F95435C-702D-4A85-8F8B-C04C02A6F457}.Release|Any CPU.ActiveCfg = Release|Any CPU
		{4F95435C-702D-4A85-8F8B-C04C02A6F457}.Release|Any CPU.Build.0 = Release|Any CPU
	EndGlobalSection
	GlobalSection(SolutionProperties) = preSolution
		HideSolutionNode = FALSE
	EndGlobalSection
	GlobalSection(ExtensibilityGlobals) = postSolution
		SolutionGuid = {3F735DB0-2E3F-4D37-A342-CE80F653811F}
	EndGlobalSection
EndGlobal
